
Microsoft Visual Studio Solution File, Format Version 12.00
# Visual Studio 15
VisualStudioVersion = 15.0.27703.2047
MinimumVisualStudioVersion = 10.0.40219.1
Project("{FAE04EC0-301F-11D3-BF4B-00C04F79EFBC}") = "KEHmusic", "KEHmusic\KEHmusic.csproj", "{EC14925B-F367-4B3E-8FED-FA0CECD048AD}"
EndProject
Project("{FAE04EC0-301F-11D3-BF4B-00C04F79EFBC}") = "KEHsfx", "KEHsfx\KEHsfx.csproj", "{42BF0347-7CDA-4A36-B6D3-1C4D48388075}"
EndProject
Global
	GlobalSection(SolutionConfigurationPlatforms) = preSolution
		Debug|Any CPU = Debug|Any CPU
		Release|Any CPU = Release|Any CPU
	EndGlobalSection
	GlobalSection(ProjectConfigurationPlatforms) = postSolution
		{EC14925B-F367-4B3E-8FED-FA0CECD048AD}.Debug|Any CPU.ActiveCfg = Debug|Any CPU
		{EC14925B-F367-4B3E-8FED-FA0CECD048AD}.Debug|Any CPU.Build.0 = Debug|Any CPU
		{EC14925B-F367-4B3E-8FED-FA0CECD048AD}.Release|Any CPU.ActiveCfg = Release|Any CPU
		{EC14925B-F367-4B3E-8FED-FA0CECD048AD}.Release|Any CPU.Build.0 = Release|Any CPU
		{42BF0347-7CDA-4A36-B6D3-1C4D48388075}.Debug|Any CPU.ActiveCfg = Debug|Any CPU
		{42BF0347-7CDA-4A36-B6D3-1C4D48388075}.Debug|Any CPU.Build.0 = Debug|Any CPU
		{42BF0347-7CDA-4A36-B6D3-1C4D48388075}.Release|Any CPU.ActiveCfg = Release|Any CPU
		{42BF0347-7CDA-4A36-B6D3-1C4D48388075}.Release|Any CPU.Build.0 = Release|Any CPU
	EndGlobalSection
	GlobalSection(SolutionProperties) = preSolution
		HideSolutionNode = FALSE
	EndGlobalSection
	GlobalSection(ExtensibilityGlobals) = postSolution
		SolutionGuid = {66552A15-1545-44A1-B630-3FA4610EDE42}
	EndGlobalSection
EndGlobal
